# THIS IS AN AUTOGENERATED FILE. DO NOT EDIT THIS FILE DIRECTLY.
# yarn lockfile v1


eslint-config-ezze@^0.10.1:
  version "0.10.1"
  resolved "https://registry.yarnpkg.com/eslint-config-ezze/-/eslint-config-ezze-0.10.1.tgz#c31b0f447326f54b17f85699c0129ed5d5ea5b18"
  integrity sha512-endspFG6kINLiyE6nh5BTcT7MHAYbfHefHc3O6w7uGv+Ke+5ikJlM5nK8fOIXOOlc7KflDiYigXvq3X0ilvGyA==
